// !$*UTF8*$!
{
	archiveVersion = 1;
	classes = {
	};
	objectVersion = 50;
	objects = {

/* Begin PBXBuildFile section */
		299FE0112482DD7500830D70 /* DiaryCell.swift in Sources */ = {isa = PBXBuildFile; fileRef = 299FE0102482DD7500830D70 /* DiaryCell.swift */; };
		5C0732EFF9AC77AD965DF5EE /* Pods_Hokaton.framework in Frameworks */ = {isa = PBXBuildFile; fileRef = 5DE959570AA3902B2BC80D39 /* Pods_Hokaton.framework */; };
		D4107B172482BB9C006142EA /* AppDelegate.swift in Sources */ = {isa = PBXBuildFile; fileRef = D4107B162482BB9C006142EA /* AppDelegate.swift */; };
		D4107B192482BB9C006142EA /* SceneDelegate.swift in Sources */ = {isa = PBXBuildFile; fileRef = D4107B182482BB9C006142EA /* SceneDelegate.swift */; };
		D4107B1B2482BB9C006142EA /* ViewController.swift in Sources */ = {isa = PBXBuildFile; fileRef = D4107B1A2482BB9C006142EA /* ViewController.swift */; };
		D4107B1E2482BB9C006142EA /* Main.storyboard in Resources */ = {isa = PBXBuildFile; fileRef = D4107B1C2482BB9C006142EA /* Main.storyboard */; };
		D4107B202482BB9D006142EA /* Assets.xcassets in Resources */ = {isa = PBXBuildFile; fileRef = D4107B1F2482BB9D006142EA /* Assets.xcassets */; };
		D4107B232482BB9D006142EA /* LaunchScreen.storyboard in Resources */ = {isa = PBXBuildFile; fileRef = D4107B212482BB9D006142EA /* LaunchScreen.storyboard */; };
		D49BD5AB2482D5670032CDDB /* seongeun.storyboard in Resources */ = {isa = PBXBuildFile; fileRef = D49BD5A92482D5670032CDDB /* seongeun.storyboard */; };
		D49BD5AD2482D58F0032CDDB /* seongeunViewController.swift in Sources */ = {isa = PBXBuildFile; fileRef = D49BD5AC2482D58F0032CDDB /* seongeunViewController.swift */; };
		F4633FFB2482BECA00FF9AC1 /* injeong.storyboard in Resources */ = {isa = PBXBuildFile; fileRef = F4633FFA2482BECA00FF9AC1 /* injeong.storyboard */; };
		F4633FFD2482C39100FF9AC1 /* injeongViewController.swift in Sources */ = {isa = PBXBuildFile; fileRef = F4633FFC2482C39100FF9AC1 /* injeongViewController.swift */; };
/* End PBXBuildFile section */

/* Begin PBXFileReference section */
		299FE0102482DD7500830D70 /* DiaryCell.swift */ = {isa = PBXFileReference; lastKnownFileType = sourcecode.swift; path = DiaryCell.swift; sourceTree = "<group>"; };
		5DE959570AA3902B2BC80D39 /* Pods_Hokaton.framework */ = {isa = PBXFileReference; explicitFileType = wrapper.framework; includeInIndex = 0; path = Pods_Hokaton.framework; sourceTree = BUILT_PRODUCTS_DIR; };
		A492F8CE8AF51A194CA7D4AF /* Pods-Hokaton.debug.xcconfig */ = {isa = PBXFileReference; includeInIndex = 1; lastKnownFileType = text.xcconfig; name = "Pods-Hokaton.debug.xcconfig"; path = "Target Support Files/Pods-Hokaton/Pods-Hokaton.debug.xcconfig"; sourceTree = "<group>"; };
		D4107B132482BB9C006142EA /* Hokaton.app */ = {isa = PBXFileReference; explicitFileType = wrapper.application; includeInIndex = 0; path = Hokaton.app; sourceTree = BUILT_PRODUCTS_DIR; };
		D4107B162482BB9C006142EA /* AppDelegate.swift */ = {isa = PBXFileReference; lastKnownFileType = sourcecode.swift; path = AppDelegate.swift; sourceTree = "<group>"; };
		D4107B182482BB9C006142EA /* SceneDelegate.swift */ = {isa = PBXFileReference; lastKnownFileType = sourcecode.swift; path = SceneDelegate.swift; sourceTree = "<group>"; };
		D4107B1A2482BB9C006142EA /* ViewController.swift */ = {isa = PBXFileReference; lastKnownFileType = sourcecode.swift; path = ViewController.swift; sourceTree = "<group>"; };
		D4107B1D2482BB9C006142EA /* Base */ = {isa = PBXFileReference; lastKnownFileType = file.storyboard; name = Base; path = Base.lproj/Main.storyboard; sourceTree = "<group>"; };
		D4107B1F2482BB9D006142EA /* Assets.xcassets */ = {isa = PBXFileReference; lastKnownFileType = folder.assetcatalog; path = Assets.xcassets; sourceTree = "<group>"; };
		D4107B222482BB9D006142EA /* Base */ = {isa = PBXFileReference; lastKnownFileType = file.storyboard; name = Base; path = Base.lproj/LaunchScreen.storyboard; sourceTree = "<group>"; };
		D4107B242482BB9D006142EA /* Info.plist */ = {isa = PBXFileReference; lastKnownFileType = text.plist.xml; path = Info.plist; sourceTree = "<group>"; };
		D49BD5AA2482D5670032CDDB /* Base */ = {isa = PBXFileReference; lastKnownFileType = file.storyboard; name = Base; path = Base.lproj/seongeun.storyboard; sourceTree = "<group>"; };
		D49BD5AC2482D58F0032CDDB /* seongeunViewController.swift */ = {isa = PBXFileReference; lastKnownFileType = sourcecode.swift; path = seongeunViewController.swift; sourceTree = "<group>"; };
		F4633FFA2482BECA00FF9AC1 /* injeong.storyboard */ = {isa = PBXFileReference; lastKnownFileType = file.storyboard; path = injeong.storyboard; sourceTree = "<group>"; };
		F4633FFC2482C39100FF9AC1 /* injeongViewController.swift */ = {isa = PBXFileReference; lastKnownFileType = sourcecode.swift; path = injeongViewController.swift; sourceTree = "<group>"; };
		FCAB8AFA9E8A130429B3F850 /* Pods-Hokaton.release.xcconfig */ = {isa = PBXFileReference; includeInIndex = 1; lastKnownFileType = text.xcconfig; name = "Pods-Hokaton.release.xcconfig"; path = "Target Support Files/Pods-Hokaton/Pods-Hokaton.release.xcconfig"; sourceTree = "<group>"; };
/* End PBXFileReference section */

/* Begin PBXFrameworksBuildPhase section */
		D4107B102482BB9C006142EA /* Frameworks */ = {
			isa = PBXFrameworksBuildPhase;
			buildActionMask = 2147483647;
			files = (
				5C0732EFF9AC77AD965DF5EE /* Pods_Hokaton.framework in Frameworks */,
			);
			runOnlyForDeploymentPostprocessing = 0;
		};
/* End PBXFrameworksBuildPhase section */

/* Begin PBXGroup section */
		299FE00F2482DD5300830D70 /* SE sources */ = {
			isa = PBXGroup;
			children = (
				D49BD5A92482D5670032CDDB /* seongeun.storyboard */,
				299FE0102482DD7500830D70 /* DiaryCell.swift */,
			);
			path = "SE sources";
			sourceTree = "<group>";
		};
		5FC3809FD3A2958552E952E8 /* Pods */ = {
			isa = PBXGroup;
			children = (
				A492F8CE8AF51A194CA7D4AF /* Pods-Hokaton.debug.xcconfig */,
				FCAB8AFA9E8A130429B3F850 /* Pods-Hokaton.release.xcconfig */,
			);
			name = Pods;
			path = Pods;
			sourceTree = "<group>";
		};
		D4107B0A2482BB9C006142EA = {
			isa = PBXGroup;
			children = (
				D4107B152482BB9C006142EA /* Hokaton */,
				D4107B142482BB9C006142EA /* Products */,
				5FC3809FD3A2958552E952E8 /* Pods */,
				DBFBDFC2E86CC9408398E44C /* Frameworks */,
			);
			sourceTree = "<group>";
		};
		D4107B142482BB9C006142EA /* Products */ = {
			isa = PBXGroup;
			children = (
				D4107B132482BB9C006142EA /* Hokaton.app */,
			);
			name = Products;
			sourceTree = "<group>";
		};
		D4107B152482BB9C006142EA /* Hokaton */ = {
			isa = PBXGroup;
			children = (
				299FE00F2482DD5300830D70 /* SE sources */,
				D4107B162482BB9C006142EA /* AppDelegate.swift */,
				D4107B182482BB9C006142EA /* SceneDelegate.swift */,
				D4107B1A2482BB9C006142EA /* ViewController.swift */,
				D4107B1C2482BB9C006142EA /* Main.storyboard */,
				D49BD5AC2482D58F0032CDDB /* seongeunViewController.swift */,
				D4107B1F2482BB9D006142EA /* Assets.xcassets */,
				D4107B212482BB9D006142EA /* LaunchScreen.storyboard */,
				D4107B242482BB9D006142EA /* Info.plist */,
				F4633FFA2482BECA00FF9AC1 /* injeong.storyboard */,
				F4633FFC2482C39100FF9AC1 /* injeongViewController.swift */,
			);
			path = Hokaton;
			sourceTree = "<group>";
		};
		DBFBDFC2E86CC9408398E44C /* Frameworks */ = {
			isa = PBXGroup;
			children = (
				5DE959570AA3902B2BC80D39 /* Pods_Hokaton.framework */,
			);
			name = Frameworks;
			sourceTree = "<group>";
		};
/* End PBXGroup section */

/* Begin PBXNativeTarget section */
		D4107B122482BB9C006142EA /* Hokaton */ = {
			isa = PBXNativeTarget;
			buildConfigurationList = D4107B272482BB9D006142EA /* Build configuration list for PBXNativeTarget "Hokaton" */;
			buildPhases = (
				DE5CD385D3DD329B15D6C0A0 /* [CP] Check Pods Manifest.lock */,
				D4107B0F2482BB9C006142EA /* Sources */,
				D4107B102482BB9C006142EA /* Frameworks */,
				D4107B112482BB9C006142EA /* Resources */,
				0D26D4D737BBF2ACA4AAE6F1 /* [CP] Embed Pods Frameworks */,
			);
			buildRules = (
			);
			dependencies = (
			);
			name = Hokaton;
			productName = Hokaton;
			productReference = D4107B132482BB9C006142EA /* Hokaton.app */;
			productType = "com.apple.product-type.application";
		};
/* End PBXNativeTarget section */

/* Begin PBXProject section */
		D4107B0B2482BB9C006142EA /* Project object */ = {
			isa = PBXProject;
			attributes = {
				LastSwiftUpdateCheck = 1140;
				LastUpgradeCheck = 1140;
				ORGANIZATIONNAME = "jaeyong Lee";
				TargetAttributes = {
					D4107B122482BB9C006142EA = {
						CreatedOnToolsVersion = 11.4.1;
					};
				};
			};
			buildConfigurationList = D4107B0E2482BB9C006142EA /* Build configuration list for PBXProject "Hokaton" */;
			compatibilityVersion = "Xcode 9.3";
			developmentRegion = en;
			hasScannedForEncodings = 0;
			knownRegions = (
				en,
				Base,
			);
			mainGroup = D4107B0A2482BB9C006142EA;
			productRefGroup = D4107B142482BB9C006142EA /* Products */;
			projectDirPath = "";
			projectRoot = "";
			targets = (
				D4107B122482BB9C006142EA /* Hokaton */,
			);
		};
/* End PBXProject section */

/* Begin PBXResourcesBuildPhase section */
		D4107B112482BB9C006142EA /* Resources */ = {
			isa = PBXResourcesBuildPhase;
			buildActionMask = 2147483647;
			files = (
				D4107B232482BB9D006142EA /* LaunchScreen.storyboard in Resources */,
				D4107B202482BB9D006142EA /* Assets.xcassets in Resources */,
				D49BD5AB2482D5670032CDDB /* seongeun.storyboard in Resources */,
				D4107B1E2482BB9C006142EA /* Main.storyboard in Resources */,
				F4633FFB2482BECA00FF9AC1 /* injeong.storyboard in Resources */,
			);
			runOnlyForDeploymentPostprocessing = 0;
		};
/* End PBXResourcesBuildPhase section */

/* Begin PBXShellScriptBuildPhase section */
		0D26D4D737BBF2ACA4AAE6F1 /* [CP] Embed Pods Frameworks */ = {
			isa = PBXShellScriptBuildPhase;
			buildActionMask = 2147483647;
			files = (
			);
			inputFileListPaths = (
				"${PODS_ROOT}/Target Support Files/Pods-Hokaton/Pods-Hokaton-frameworks-${CONFIGURATION}-input-files.xcfilelist",
			);
			name = "[CP] Embed Pods Frameworks";
			outputFileListPaths = (
				"${PODS_ROOT}/Target Support Files/Pods-Hokaton/Pods-Hokaton-frameworks-${CONFIGURATION}-output-files.xcfilelist",
			);
			runOnlyForDeploymentPostprocessing = 0;
			shellPath = /bin/sh;
			shellScript = "\"${PODS_ROOT}/Target Support Files/Pods-Hokaton/Pods-Hokaton-frameworks.sh\"\n";
			showEnvVarsInLog = 0;
		};
		DE5CD385D3DD329B15D6C0A0 /* [CP] Check Pods Manifest.lock */ = {
			isa = PBXShellScriptBuildPhase;
			buildActionMask = 2147483647;
			files = (
			);
			inputFileListPaths = (
			);
			inputPaths = (
				"${PODS_PODFILE_DIR_PATH}/Podfile.lock",
				"${PODS_ROOT}/Manifest.lock",
			);
			name = "[CP] Check Pods Manifest.lock";
			outputFileListPaths = (
			);
			outputPaths = (
				"$(DERIVED_FILE_DIR)/Pods-Hokaton-checkManifestLockResult.txt",
			);
			runOnlyForDeploymentPostprocessing = 0;
			shellPath = /bin/sh;
			shellScript = "diff \"${PODS_PODFILE_DIR_PATH}/Podfile.lock\" \"${PODS_ROOT}/Manifest.lock\" > /dev/null\nif [ $? != 0 ] ; then\n    # print error to STDERR\n    echo \"error: The sandbox is not in sync with the Podfile.lock. Run 'pod install' or update your CocoaPods installation.\" >&2\n    exit 1\nfi\n# This output is used by Xcode 'outputs' to avoid re-running this script phase.\necho \"SUCCESS\" > \"${SCRIPT_OUTPUT_FILE_0}\"\n";
			showEnvVarsInLog = 0;
		};
/* End PBXShellScriptBuildPhase section */

/* Begin PBXSourcesBuildPhase section */
		D4107B0F2482BB9C006142EA /* Sources */ = {
			isa = PBXSourcesBuildPhase;
			buildActionMask = 2147483647;
			files = (
				D49BD5AD2482D58F0032CDDB /* seongeunViewController.swift in Sources */,
				D4107B1B2482BB9C006142EA /* ViewController.swift in Sources */,
				D4107B172482BB9C006142EA /* AppDelegate.swift in Sources */,
				D4107B192482BB9C006142EA /* SceneDelegate.swift in Sources */,
				F4633FFD2482C39100FF9AC1 /* injeongViewController.swift in Sources */,
				299FE0112482DD7500830D70 /* DiaryCell.swift in Sources */,
			);
			runOnlyForDeploymentPostprocessing = 0;
		};
/* End PBXSourcesBuildPhase section */

/* Begin PBXVariantGroup section */
		D4107B1C2482BB9C006142EA /* Main.storyboard */ = {
			isa = PBXVariantGroup;
			children = (
				D4107B1D2482BB9C006142EA /* Base */,
			);
			name = Main.storyboard;
			sourceTree = "<group>";
		};
		D4107B212482BB9D006142EA /* LaunchScreen.storyboard */ = {
			isa = PBXVariantGroup;
			children = (
				D4107B222482BB9D006142EA /* Base */,
			);
			name = LaunchScreen.storyboard;
			sourceTree = "<group>";
		};
		D49BD5A92482D5670032CDDB /* seongeun.storyboard */ = {
			isa = PBXVariantGroup;
			children = (
				D49BD5AA2482D5670032CDDB /* Base */,
			);
			name = seongeun.storyboard;
			sourceTree = "<group>";
		};
/* End PBXVariantGroup section */

/* Begin XCBuildConfiguration section */
		D4107B252482BB9D006142EA /* Debug */ = {
			isa = XCBuildConfiguration;
			buildSettings = {
				ALWAYS_SEARCH_USER_PATHS = NO;
				CLANG_ANALYZER_NONNULL = YES;
				CLANG_ANALYZER_NUMBER_OBJECT_CONVERSION = YES_AGGRESSIVE;
				CLANG_CXX_LANGUAGE_STANDARD = "gnu++14";
				CLANG_CXX_LIBRARY = "libc++";
				CLANG_ENABLE_MODULES = YES;
				CLANG_ENABLE_OBJC_ARC = YES;
				CLANG_ENABLE_OBJC_WEAK = YES;
				CLANG_WARN_BLOCK_CAPTURE_AUTORELEASING = YES;
				CLANG_WARN_BOOL_CONVERSION = YES;
				CLANG_WARN_COMMA = YES;
				CLANG_WARN_CONSTANT_CONVERSION = YES;
				CLANG_WARN_DEPRECATED_OBJC_IMPLEMENTATIONS = YES;
				CLANG_WARN_DIRECT_OBJC_ISA_USAGE = YES_ERROR;
				CLANG_WARN_DOCUMENTATION_COMMENTS = YES;
				CLANG_WARN_EMPTY_BODY = YES;
				CLANG_WARN_ENUM_CONVERSION = YES;
				CLANG_WARN_INFINITE_RECURSION = YES;
				CLANG_WARN_INT_CONVERSION = YES;
				CLANG_WARN_NON_LITERAL_NULL_CONVERSION = YES;
				CLANG_WARN_OBJC_IMPLICIT_RETAIN_SELF = YES;
				CLANG_WARN_OBJC_LITERAL_CONVERSION = YES;
				CLANG_WARN_OBJC_ROOT_CLASS = YES_ERROR;
				CLANG_WARN_RANGE_LOOP_ANALYSIS = YES;
				CLANG_WARN_STRICT_PROTOTYPES = YES;
				CLANG_WARN_SUSPICIOUS_MOVE = YES;
				CLANG_WARN_UNGUARDED_AVAILABILITY = YES_AGGRESSIVE;
				CLANG_WARN_UNREACHABLE_CODE = YES;
				CLANG_WARN__DUPLICATE_METHOD_MATCH = YES;
				COPY_PHASE_STRIP = NO;
				DEBUG_INFORMATION_FORMAT = dwarf;
				ENABLE_STRICT_OBJC_MSGSEND = YES;
				ENABLE_TESTABILITY = YES;
				GCC_C_LANGUAGE_STANDARD = gnu11;
				GCC_DYNAMIC_NO_PIC = NO;
				GCC_NO_COMMON_BLOCKS = YES;
				GCC_OPTIMIZATION_LEVEL = 0;
				GCC_PREPROCESSOR_DEFINITIONS = (
					"DEBUG=1",
					"$(inherited)",
				);
				GCC_WARN_64_TO_32_BIT_CONVERSION = YES;
				GCC_WARN_ABOUT_RETURN_TYPE = YES_ERROR;
				GCC_WARN_UNDECLARED_SELECTOR = YES;
				GCC_WARN_UNINITIALIZED_AUTOS = YES_AGGRESSIVE;
				GCC_WARN_UNUSED_FUNCTION = YES;
				GCC_WARN_UNUSED_VARIABLE = YES;
				IPHONEOS_DEPLOYMENT_TARGET = 13.4;
				MTL_ENABLE_DEBUG_INFO = INCLUDE_SOURCE;
				MTL_FAST_MATH = YES;
				ONLY_ACTIVE_ARCH = YES;
				SDKROOT = iphoneos;
				SWIFT_ACTIVE_COMPILATION_CONDITIONS = DEBUG;
				SWIFT_OPTIMIZATION_LEVEL = "-Onone";
			};
			name = Debug;
		};
		D4107B262482BB9D006142EA /* Release */ = {
			isa = XCBuildConfiguration;
			buildSettings = {
				ALWAYS_SEARCH_USER_PATHS = NO;
				CLANG_ANALYZER_NONNULL = YES;
				CLANG_ANALYZER_NUMBER_OBJECT_CONVERSION = YES_AGGRESSIVE;
				CLANG_CXX_LANGUAGE_STANDARD = "gnu++14";
				CLANG_CXX_LIBRARY = "libc++";
				CLANG_ENABLE_MODULES = YES;
				CLANG_ENABLE_OBJC_ARC = YES;
				CLANG_ENABLE_OBJC_WEAK = YES;
				CLANG_WARN_BLOCK_CAPTURE_AUTORELEASING = YES;
				CLANG_WARN_BOOL_CONVERSION = YES;
				CLANG_WARN_COMMA = YES;
				CLANG_WARN_CONSTANT_CONVERSION = YES;
				CLANG_WARN_DEPRECATED_OBJC_IMPLEMENTATIONS = YES;
				CLANG_WARN_DIRECT_OBJC_ISA_USAGE = YES_ERROR;
				CLANG_WARN_DOCUMENTATION_COMMENTS = YES;
				CLANG_WARN_EMPTY_BODY = YES;
				CLANG_WARN_ENUM_CONVERSION = YES;
				CLANG_WARN_INFINITE_RECURSION = YES;
				CLANG_WARN_INT_CONVERSION = YES;
				CLANG_WARN_NON_LITERAL_NULL_CONVERSION = YES;
				CLANG_WARN_OBJC_IMPLICIT_RETAIN_SELF = YES;
				CLANG_WARN_OBJC_LITERAL_CONVERSION = YES;
				CLANG_WARN_OBJC_ROOT_CLASS = YES_ERROR;
				CLANG_WARN_RANGE_LOOP_ANALYSIS = YES;
				CLANG_WARN_STRICT_PROTOTYPES = YES;
				CLANG_WARN_SUSPICIOUS_MOVE = YES;
				CLANG_WARN_UNGUARDED_AVAILABILITY = YES_AGGRESSIVE;
				CLANG_WARN_UNREACHABLE_CODE = YES;
				CLANG_WARN__DUPLICATE_METHOD_MATCH = YES;
				COPY_PHASE_STRIP = NO;
				DEBUG_INFORMATION_FORMAT = "dwarf-with-dsym";
				ENABLE_NS_ASSERTIONS = NO;
				ENABLE_STRICT_OBJC_MSGSEND = YES;
				GCC_C_LANGUAGE_STANDARD = gnu11;
				GCC_NO_COMMON_BLOCKS = YES;
				GCC_WARN_64_TO_32_BIT_CONVERSION = YES;
				GCC_WARN_ABOUT_RETURN_TYPE = YES_ERROR;
				GCC_WARN_UNDECLARED_SELECTOR = YES;
				GCC_WARN_UNINITIALIZED_AUTOS = YES_AGGRESSIVE;
				GCC_WARN_UNUSED_FUNCTION = YES;
				GCC_WARN_UNUSED_VARIABLE = YES;
				IPHONEOS_DEPLOYMENT_TARGET = 13.4;
				MTL_ENABLE_DEBUG_INFO = NO;
				MTL_FAST_MATH = YES;
				SDKROOT = iphoneos;
				SWIFT_COMPILATION_MODE = wholemodule;
				SWIFT_OPTIMIZATION_LEVEL = "-O";
				VALIDATE_PRODUCT = YES;
			};
			name = Release;
		};
		D4107B282482BB9D006142EA /* Debug */ = {
			isa = XCBuildConfiguration;
			baseConfigurationReference = A492F8CE8AF51A194CA7D4AF /* Pods-Hokaton.debug.xcconfig */;
			buildSettings = {
				ASSETCATALOG_COMPILER_APPICON_NAME = AppIcon;
				CODE_SIGN_STYLE = Automatic;
				DEVELOPMENT_TEAM = 4JPTB87CQ5;
				INFOPLIST_FILE = Hokaton/Info.plist;
				IPHONEOS_DEPLOYMENT_TARGET = 13.1;
				LD_RUNPATH_SEARCH_PATHS = (
					"$(inherited)",
					"@executable_path/Frameworks",
				);
				PRODUCT_BUNDLE_IDENTIFIER = com.jaeyong.Hokaton;
				PRODUCT_NAME = "$(TARGET_NAME)";
				SWIFT_VERSION = 5.0;
				TARGETED_DEVICE_FAMILY = "1,2";
			};
			name = Debug;
		};
		D4107B292482BB9D006142EA /* Release */ = {
			isa = XCBuildConfiguration;
			baseConfigurationReference = FCAB8AFA9E8A130429B3F850 /* Pods-Hokaton.release.xcconfig */;
			buildSettings = {
				ASSETCATALOG_COMPILER_APPICON_NAME = AppIcon;
				CODE_SIGN_STYLE = Automatic;
				DEVELOPMENT_TEAM = 4JPTB87CQ5;
				INFOPLIST_FILE = Hokaton/Info.plist;
				IPHONEOS_DEPLOYMENT_TARGET = 13.1;
				LD_RUNPATH_SEARCH_PATHS = (
					"$(inherited)",
					"@executable_path/Frameworks",
				);
				PRODUCT_BUNDLE_IDENTIFIER = com.jaeyong.Hokaton;
				PRODUCT_NAME = "$(TARGET_NAME)";
				SWIFT_VERSION = 5.0;
				TARGETED_DEVICE_FAMILY = "1,2";
			};
			name = Release;
		};
/* End XCBuildConfiguration section */

/* Begin XCConfigurationList section */
		D4107B0E2482BB9C006142EA /* Build configuration list for PBXProject "Hokaton" */ = {
			isa = XCConfigurationList;
			buildConfigurations = (
				D4107B252482BB9D006142EA /* Debug */,
				D4107B262482BB9D006142EA /* Release */,
			);
			defaultConfigurationIsVisible = 0;
			defaultConfigurationName = Release;
		};
		D4107B272482BB9D006142EA /* Build configuration list for PBXNativeTarget "Hokaton" */ = {
			isa = XCConfigurationList;
			buildConfigurations = (
				D4107B282482BB9D006142EA /* Debug */,
				D4107B292482BB9D006142EA /* Release */,
			);
			defaultConfigurationIsVisible = 0;
			defaultConfigurationName = Release;
		};
/* End XCConfigurationList section */
	};
	rootObject = D4107B0B2482BB9C006142EA /* Project object */;
}
