PODS:
  - Alamofire (4.8.2)
  - FloatingButton (0.0.1)
  - Kingfisher (5.14.0):
    - Kingfisher/Core (= 5.14.0)
  - Kingfisher/Core (5.14.0)

DEPENDENCIES:
  - Alamofire (~> 4.8.2)
  - FloatingButton
  - Kingfisher (~> 5.0)

SPEC REPOS:
  trunk:
    - Alamofire
    - FloatingButton
    - Kingfisher

SPEC CHECKSUMS:
  Alamofire: ae5c501addb7afdbb13687d7f2f722c78734c2d3
  FloatingButton: 8ef7f8c8b5fa12b4664ed78d53b1d24cbc83a727
  Kingfisher: 7b64389a43139c903ec434788344c288217c792d

PODFILE CHECKSUM: fd40be9c264cc5cf05e1d5cfc10fe613c75effc0

COCOAPODS: 1.8.4
